
Microsoft Visual Studio Solution File, Format Version 12.00
# Visual Studio Version 17
VisualStudioVersion = 17.0.31903.59
MinimumVisualStudioVersion = 10.0.40219.1
Project("{2150E333-8FDC-42A3-9474-1A3956D46DE8}") = "src", "src", "{0E10DB68-AB0D-4C77-9861-6347A3089429}"
EndProject
Project("{FAE04EC0-301F-11D3-BF4B-00C04F79EFBC}") = "WebApi", "WebApi\WebApi.csproj", "{C56D8256-5D58-4503-870D-F99A8594747C}"
EndProject
Global
	GlobalSection(SolutionConfigurationPlatforms) = preSolution
		Debug|Any CPU = Debug|Any CPU
		Release|Any CPU = Release|Any CPU
	EndGlobalSection
	GlobalSection(SolutionProperties) = preSolution
		HideSolutionNode = FALSE
	EndGlobalSection
	GlobalSection(NestedProjects) = preSolution
		{C56D8256-5D58-4503-870D-F99A8594747C} = {0E10DB68-AB0D-4C77-9861-6347A3089429}
	EndGlobalSection
	GlobalSection(ProjectConfigurationPlatforms) = postSolution
		{C56D8256-5D58-4503-870D-F99A8594747C}.Debug|Any CPU.ActiveCfg = Debug|Any CPU
		{C56D8256-5D58-4503-870D-F99A8594747C}.Debug|Any CPU.Build.0 = Debug|Any CPU
		{C56D8256-5D58-4503-870D-F99A8594747C}.Release|Any CPU.ActiveCfg = Release|Any CPU
		{C56D8256-5D58-4503-870D-F99A8594747C}.Release|Any CPU.Build.0 = Release|Any CPU
	EndGlobalSection
EndGlobal
