
Microsoft Visual Studio Solution File, Format Version 12.00
# Visual Studio Version 17
VisualStudioVersion = 17.0.31903.59
MinimumVisualStudioVersion = 10.0.40219.1
Project("{2150E333-8FDC-42A3-9474-1A3956D46DE8}") = "src", "src", "{324B59BE-8801-4F72-923B-21F3B7F49184}"
EndProject
Project("{FAE04EC0-301F-11D3-BF4B-00C04F79EFBC}") = "SignalRChatApi", "SignalRChatApi\SignalRChatApi.csproj", "{7A33C346-8818-47E6-AC8C-F1B2890AF4BC}"
EndProject
Global
	GlobalSection(SolutionConfigurationPlatforms) = preSolution
		Debug|Any CPU = Debug|Any CPU
		Release|Any CPU = Release|Any CPU
	EndGlobalSection
	GlobalSection(SolutionProperties) = preSolution
		HideSolutionNode = FALSE
	EndGlobalSection
	GlobalSection(NestedProjects) = preSolution
		{7A33C346-8818-47E6-AC8C-F1B2890AF4BC} = {324B59BE-8801-4F72-923B-21F3B7F49184}
	EndGlobalSection
	GlobalSection(ProjectConfigurationPlatforms) = postSolution
		{7A33C346-8818-47E6-AC8C-F1B2890AF4BC}.Debug|Any CPU.ActiveCfg = Debug|Any CPU
		{7A33C346-8818-47E6-AC8C-F1B2890AF4BC}.Debug|Any CPU.Build.0 = Debug|Any CPU
		{7A33C346-8818-47E6-AC8C-F1B2890AF4BC}.Release|Any CPU.ActiveCfg = Release|Any CPU
		{7A33C346-8818-47E6-AC8C-F1B2890AF4BC}.Release|Any CPU.Build.0 = Release|Any CPU
	EndGlobalSection
EndGlobal
