
Microsoft Visual Studio Solution File, Format Version 12.00
# Visual Studio Version 17
VisualStudioVersion = 17.0.31903.59
MinimumVisualStudioVersion = 10.0.40219.1
Project("{FAE04EC0-301F-11D3-BF4B-00C04F79EFBC}") = "Contracts", "Contracts\Contracts.csproj", "{84609E58-8798-4BA7-8638-659D1E791119}"
EndProject
Project("{FAE04EC0-301F-11D3-BF4B-00C04F79EFBC}") = "LoggerService", "LoggerService\LoggerService.csproj", "{1213500A-4F66-4EB8-B5CD-6AD8738617CD}"
EndProject
Project("{FAE04EC0-301F-11D3-BF4B-00C04F79EFBC}") = "LoggingWebApi", "LoggingWebApi\LoggingWebApi.csproj", "{84164375-FB51-4F48-93B7-8C9D5EDE263B}"
EndProject
Project("{FAE04EC0-301F-11D3-BF4B-00C04F79EFBC}") = "Entities", "Entities\Entities.csproj", "{C37C11AE-AB8D-4274-AD82-0996BF2BA462}"
EndProject
Project("{FAE04EC0-301F-11D3-BF4B-00C04F79EFBC}") = "Repository", "Repository\Repository.csproj", "{FC82E525-2364-4ECC-BD2E-F6278E2B25FE}"
EndProject
Project("{FAE04EC0-301F-11D3-BF4B-00C04F79EFBC}") = "Services.Contracts", "Services.Contracts\Services.Contracts.csproj", "{A6018A4F-632D-46C2-837E-256D13B2B31C}"
EndProject
Project("{FAE04EC0-301F-11D3-BF4B-00C04F79EFBC}") = "Service", "Service\Service.csproj", "{256EA78A-D22A-4246-8019-7DB5FD0CD06A}"
EndProject
Project("{FAE04EC0-301F-11D3-BF4B-00C04F79EFBC}") = "Presentation", "Presentation\Presentation.csproj", "{F67E884A-5BE8-4B72-AC95-44F7A4DCBAAC}"
EndProject
Project("{FAE04EC0-301F-11D3-BF4B-00C04F79EFBC}") = "Shared", "Shared\Shared.csproj", "{6328D6F2-8463-4492-A69C-C4D904A8CD67}"
EndProject
Global
	GlobalSection(SolutionConfigurationPlatforms) = preSolution
		Debug|Any CPU = Debug|Any CPU
		Release|Any CPU = Release|Any CPU
	EndGlobalSection
	GlobalSection(SolutionProperties) = preSolution
		HideSolutionNode = FALSE
	EndGlobalSection
	GlobalSection(ProjectConfigurationPlatforms) = postSolution
		{84609E58-8798-4BA7-8638-659D1E791119}.Debug|Any CPU.ActiveCfg = Debug|Any CPU
		{84609E58-8798-4BA7-8638-659D1E791119}.Debug|Any CPU.Build.0 = Debug|Any CPU
		{84609E58-8798-4BA7-8638-659D1E791119}.Release|Any CPU.ActiveCfg = Release|Any CPU
		{84609E58-8798-4BA7-8638-659D1E791119}.Release|Any CPU.Build.0 = Release|Any CPU
		{1213500A-4F66-4EB8-B5CD-6AD8738617CD}.Debug|Any CPU.ActiveCfg = Debug|Any CPU
		{1213500A-4F66-4EB8-B5CD-6AD8738617CD}.Debug|Any CPU.Build.0 = Debug|Any CPU
		{1213500A-4F66-4EB8-B5CD-6AD8738617CD}.Release|Any CPU.ActiveCfg = Release|Any CPU
		{1213500A-4F66-4EB8-B5CD-6AD8738617CD}.Release|Any CPU.Build.0 = Release|Any CPU
		{84164375-FB51-4F48-93B7-8C9D5EDE263B}.Debug|Any CPU.ActiveCfg = Debug|Any CPU
		{84164375-FB51-4F48-93B7-8C9D5EDE263B}.Debug|Any CPU.Build.0 = Debug|Any CPU
		{84164375-FB51-4F48-93B7-8C9D5EDE263B}.Release|Any CPU.ActiveCfg = Release|Any CPU
		{84164375-FB51-4F48-93B7-8C9D5EDE263B}.Release|Any CPU.Build.0 = Release|Any CPU
		{C37C11AE-AB8D-4274-AD82-0996BF2BA462}.Debug|Any CPU.ActiveCfg = Debug|Any CPU
		{C37C11AE-AB8D-4274-AD82-0996BF2BA462}.Debug|Any CPU.Build.0 = Debug|Any CPU
		{C37C11AE-AB8D-4274-AD82-0996BF2BA462}.Release|Any CPU.ActiveCfg = Release|Any CPU
		{C37C11AE-AB8D-4274-AD82-0996BF2BA462}.Release|Any CPU.Build.0 = Release|Any CPU
		{FC82E525-2364-4ECC-BD2E-F6278E2B25FE}.Debug|Any CPU.ActiveCfg = Debug|Any CPU
		{FC82E525-2364-4ECC-BD2E-F6278E2B25FE}.Debug|Any CPU.Build.0 = Debug|Any CPU
		{FC82E525-2364-4ECC-BD2E-F6278E2B25FE}.Release|Any CPU.ActiveCfg = Release|Any CPU
		{FC82E525-2364-4ECC-BD2E-F6278E2B25FE}.Release|Any CPU.Build.0 = Release|Any CPU
		{A6018A4F-632D-46C2-837E-256D13B2B31C}.Debug|Any CPU.ActiveCfg = Debug|Any CPU
		{A6018A4F-632D-46C2-837E-256D13B2B31C}.Debug|Any CPU.Build.0 = Debug|Any CPU
		{A6018A4F-632D-46C2-837E-256D13B2B31C}.Release|Any CPU.ActiveCfg = Release|Any CPU
		{A6018A4F-632D-46C2-837E-256D13B2B31C}.Release|Any CPU.Build.0 = Release|Any CPU
		{256EA78A-D22A-4246-8019-7DB5FD0CD06A}.Debug|Any CPU.ActiveCfg = Debug|Any CPU
		{256EA78A-D22A-4246-8019-7DB5FD0CD06A}.Debug|Any CPU.Build.0 = Debug|Any CPU
		{256EA78A-D22A-4246-8019-7DB5FD0CD06A}.Release|Any CPU.ActiveCfg = Release|Any CPU
		{256EA78A-D22A-4246-8019-7DB5FD0CD06A}.Release|Any CPU.Build.0 = Release|Any CPU
		{F67E884A-5BE8-4B72-AC95-44F7A4DCBAAC}.Debug|Any CPU.ActiveCfg = Debug|Any CPU
		{F67E884A-5BE8-4B72-AC95-44F7A4DCBAAC}.Debug|Any CPU.Build.0 = Debug|Any CPU
		{F67E884A-5BE8-4B72-AC95-44F7A4DCBAAC}.Release|Any CPU.ActiveCfg = Release|Any CPU
		{F67E884A-5BE8-4B72-AC95-44F7A4DCBAAC}.Release|Any CPU.Build.0 = Release|Any CPU
		{6328D6F2-8463-4492-A69C-C4D904A8CD67}.Debug|Any CPU.ActiveCfg = Debug|Any CPU
		{6328D6F2-8463-4492-A69C-C4D904A8CD67}.Debug|Any CPU.Build.0 = Debug|Any CPU
		{6328D6F2-8463-4492-A69C-C4D904A8CD67}.Release|Any CPU.ActiveCfg = Release|Any CPU
		{6328D6F2-8463-4492-A69C-C4D904A8CD67}.Release|Any CPU.Build.0 = Release|Any CPU
	EndGlobalSection
EndGlobal
