
Microsoft Visual Studio Solution File, Format Version 12.00
# Visual Studio Version 17
VisualStudioVersion = 17.0.31903.59
MinimumVisualStudioVersion = 10.0.40219.1
Project("{FAE04EC0-301F-11D3-BF4B-00C04F79EFBC}") = "MiddlewareMvc", "MiddlewareMvc\MiddlewareMvc.csproj", "{33AFE632-E8A0-4785-A4EF-A55A18178525}"
EndProject
Project("{FAE04EC0-301F-11D3-BF4B-00C04F79EFBC}") = "DependencyInjection", "DependencyInjection\DependencyInjection.csproj", "{9ADE7C6A-593F-4A58-9D82-64EC2BE4FBB5}"
EndProject
Project("{FAE04EC0-301F-11D3-BF4B-00C04F79EFBC}") = "Configuration", "Configuration\Configuration.csproj", "{2F2CBCCB-FB55-4A5F-B29D-80A420C587EE}"
EndProject
Project("{FAE04EC0-301F-11D3-BF4B-00C04F79EFBC}") = "LoggingWebApi", "LoggingWebApi\LoggingWebApi.csproj", "{A9A51125-7D40-4805-BE99-80098E8E080B}"
EndProject
Project("{FAE04EC0-301F-11D3-BF4B-00C04F79EFBC}") = "Routing", "Routing\Routing.csproj", "{9FE74A7F-D005-49E9-92D2-C1B15B293325}"
EndProject
Project("{FAE04EC0-301F-11D3-BF4B-00C04F79EFBC}") = "ModelBinding", "ModelBinding\ModelBinding.csproj", "{758BC6DD-6C74-44B1-8D95-4AFE939C87CB}"
EndProject
Global
	GlobalSection(SolutionConfigurationPlatforms) = preSolution
		Debug|Any CPU = Debug|Any CPU
		Release|Any CPU = Release|Any CPU
	EndGlobalSection
	GlobalSection(SolutionProperties) = preSolution
		HideSolutionNode = FALSE
	EndGlobalSection
	GlobalSection(ProjectConfigurationPlatforms) = postSolution
		{33AFE632-E8A0-4785-A4EF-A55A18178525}.Debug|Any CPU.ActiveCfg = Debug|Any CPU
		{33AFE632-E8A0-4785-A4EF-A55A18178525}.Debug|Any CPU.Build.0 = Debug|Any CPU
		{33AFE632-E8A0-4785-A4EF-A55A18178525}.Release|Any CPU.ActiveCfg = Release|Any CPU
		{33AFE632-E8A0-4785-A4EF-A55A18178525}.Release|Any CPU.Build.0 = Release|Any CPU
		{9ADE7C6A-593F-4A58-9D82-64EC2BE4FBB5}.Debug|Any CPU.ActiveCfg = Debug|Any CPU
		{9ADE7C6A-593F-4A58-9D82-64EC2BE4FBB5}.Debug|Any CPU.Build.0 = Debug|Any CPU
		{9ADE7C6A-593F-4A58-9D82-64EC2BE4FBB5}.Release|Any CPU.ActiveCfg = Release|Any CPU
		{9ADE7C6A-593F-4A58-9D82-64EC2BE4FBB5}.Release|Any CPU.Build.0 = Release|Any CPU
		{2F2CBCCB-FB55-4A5F-B29D-80A420C587EE}.Debug|Any CPU.ActiveCfg = Debug|Any CPU
		{2F2CBCCB-FB55-4A5F-B29D-80A420C587EE}.Debug|Any CPU.Build.0 = Debug|Any CPU
		{2F2CBCCB-FB55-4A5F-B29D-80A420C587EE}.Release|Any CPU.ActiveCfg = Release|Any CPU
		{2F2CBCCB-FB55-4A5F-B29D-80A420C587EE}.Release|Any CPU.Build.0 = Release|Any CPU
		{A9A51125-7D40-4805-BE99-80098E8E080B}.Debug|Any CPU.ActiveCfg = Debug|Any CPU
		{A9A51125-7D40-4805-BE99-80098E8E080B}.Debug|Any CPU.Build.0 = Debug|Any CPU
		{A9A51125-7D40-4805-BE99-80098E8E080B}.Release|Any CPU.ActiveCfg = Release|Any CPU
		{A9A51125-7D40-4805-BE99-80098E8E080B}.Release|Any CPU.Build.0 = Release|Any CPU
		{9FE74A7F-D005-49E9-92D2-C1B15B293325}.Debug|Any CPU.ActiveCfg = Debug|Any CPU
		{9FE74A7F-D005-49E9-92D2-C1B15B293325}.Debug|Any CPU.Build.0 = Debug|Any CPU
		{9FE74A7F-D005-49E9-92D2-C1B15B293325}.Release|Any CPU.ActiveCfg = Release|Any CPU
		{9FE74A7F-D005-49E9-92D2-C1B15B293325}.Release|Any CPU.Build.0 = Release|Any CPU
		{758BC6DD-6C74-44B1-8D95-4AFE939C87CB}.Debug|Any CPU.ActiveCfg = Debug|Any CPU
		{758BC6DD-6C74-44B1-8D95-4AFE939C87CB}.Debug|Any CPU.Build.0 = Debug|Any CPU
		{758BC6DD-6C74-44B1-8D95-4AFE939C87CB}.Release|Any CPU.ActiveCfg = Release|Any CPU
		{758BC6DD-6C74-44B1-8D95-4AFE939C87CB}.Release|Any CPU.Build.0 = Release|Any CPU
	EndGlobalSection
EndGlobal
